{
  "name": "image-text-editor",
  "version": "1.0.0",
  "description": "A React-based image text editor with drag-and-drop and customization features.",
  "main": "src/index.js",
  "scripts": {
    "start": "react-scripts start",
    "build": "react-scripts build",
    "test": "react-scripts test",
    "eject": "react-scripts eject"
  },
  "dependencies": {
    "@chakra-ui/icons": "^2.0.0",
    "@chakra-ui/react": "^2.0.0",
    "react": "^18.0.0",
    "react-dom": "^18.0.0",
    "react-draggable": "^4.4.5",
    "react-dropzone": "^14.2.3",
    "react-color": "^2.19.3",
    "html2canvas": "^1.4.1"
  },
  "devDependencies": {
    "@babel/core": "^7.20.0",
    "@babel/preset-react": "^7.20.0"
  },
  "browserslist": {
    "production": [
      ">0.2%",
      "not dead",
      "not op_mini all"
    ],
    "development": [
      "last 1 chrome version",
      "last 1 firefox version",
      "last 1 safari version"
    ]
  }
}
